
Microsoft Visual Studio Solution File, Format Version 12.00
# Visual Studio 14
VisualStudioVersion = 14.0.24720.0
MinimumVisualStudioVersion = 10.0.40219.1
Project("{FAE04EC0-301F-11D3-BF4B-00C04F79EFBC}") = "Mathias", "Mathias\Mathias.csproj", "{59C274CD-9411-4F79-8DDD-BDA4893E1798}"
EndProject
Project("{FAE04EC0-301F-11D3-BF4B-00C04F79EFBC}") = "mathiasCore", "mathiasCore\mathiasCore.csproj", "{67FCE0F4-DD1A-40A8-82BD-8DE9C952542D}"
EndProject
Project("{FAE04EC0-301F-11D3-BF4B-00C04F79EFBC}") = "mathiasModels", "mathiasModels\mathiasModels.csproj", "{3ABB7916-C922-4925-95C2-3A083DC4E1C6}"
EndProject
Project("{FAE04EC0-301F-11D3-BF4B-00C04F79EFBC}") = "EmailPlug", "EmailPlug\EmailPlug.csproj", "{51E45AF2-B055-4E2E-85F0-BDA9E9162934}"
EndProject
Project("{FAE04EC0-301F-11D3-BF4B-00C04F79EFBC}") = "Test", "Test\Test.csproj", "{86531390-E23E-44EE-8207-1DC7E770CE55}"
EndProject
Global
	GlobalSection(SolutionConfigurationPlatforms) = preSolution
		Debug|Any CPU = Debug|Any CPU
		Release|Any CPU = Release|Any CPU
	EndGlobalSection
	GlobalSection(ProjectConfigurationPlatforms) = postSolution
		{59C274CD-9411-4F79-8DDD-BDA4893E1798}.Debug|Any CPU.ActiveCfg = Debug|Any CPU
		{59C274CD-9411-4F79-8DDD-BDA4893E1798}.Debug|Any CPU.Build.0 = Debug|Any CPU
		{59C274CD-9411-4F79-8DDD-BDA4893E1798}.Release|Any CPU.ActiveCfg = Release|Any CPU
		{59C274CD-9411-4F79-8DDD-BDA4893E1798}.Release|Any CPU.Build.0 = Release|Any CPU
		{67FCE0F4-DD1A-40A8-82BD-8DE9C952542D}.Debug|Any CPU.ActiveCfg = Debug|Any CPU
		{67FCE0F4-DD1A-40A8-82BD-8DE9C952542D}.Debug|Any CPU.Build.0 = Debug|Any CPU
		{67FCE0F4-DD1A-40A8-82BD-8DE9C952542D}.Release|Any CPU.ActiveCfg = Release|Any CPU
		{67FCE0F4-DD1A-40A8-82BD-8DE9C952542D}.Release|Any CPU.Build.0 = Release|Any CPU
		{3ABB7916-C922-4925-95C2-3A083DC4E1C6}.Debug|Any CPU.ActiveCfg = Debug|Any CPU
		{3ABB7916-C922-4925-95C2-3A083DC4E1C6}.Debug|Any CPU.Build.0 = Debug|Any CPU
		{3ABB7916-C922-4925-95C2-3A083DC4E1C6}.Release|Any CPU.ActiveCfg = Release|Any CPU
		{3ABB7916-C922-4925-95C2-3A083DC4E1C6}.Release|Any CPU.Build.0 = Release|Any CPU
		{51E45AF2-B055-4E2E-85F0-BDA9E9162934}.Debug|Any CPU.ActiveCfg = Debug|Any CPU
		{51E45AF2-B055-4E2E-85F0-BDA9E9162934}.Debug|Any CPU.Build.0 = Debug|Any CPU
		{51E45AF2-B055-4E2E-85F0-BDA9E9162934}.Release|Any CPU.ActiveCfg = Release|Any CPU
		{51E45AF2-B055-4E2E-85F0-BDA9E9162934}.Release|Any CPU.Build.0 = Release|Any CPU
		{86531390-E23E-44EE-8207-1DC7E770CE55}.Debug|Any CPU.ActiveCfg = Debug|Any CPU
		{86531390-E23E-44EE-8207-1DC7E770CE55}.Debug|Any CPU.Build.0 = Debug|Any CPU
		{86531390-E23E-44EE-8207-1DC7E770CE55}.Release|Any CPU.ActiveCfg = Release|Any CPU
		{86531390-E23E-44EE-8207-1DC7E770CE55}.Release|Any CPU.Build.0 = Release|Any CPU
	EndGlobalSection
	GlobalSection(SolutionProperties) = preSolution
		HideSolutionNode = FALSE
	EndGlobalSection
EndGlobal
