
Microsoft Visual Studio Solution File, Format Version 12.00
# Visual Studio 14
VisualStudioVersion = 14.0.23107.0
MinimumVisualStudioVersion = 10.0.40219.1
Project("{FAE04EC0-301F-11D3-BF4B-00C04F79EFBC}") = "MATHIAS_beta", "MATHIAS_beta\MATHIAS_beta.csproj", "{BEAB54EE-2FAE-45E0-876F-4D9BA3E6D670}"
EndProject
Project("{FAE04EC0-301F-11D3-BF4B-00C04F79EFBC}") = "DataProvider", "DataProvider\DataProvider.csproj", "{939DDFC7-D6EC-483A-B607-479EB1AFE641}"
EndProject
Global
	GlobalSection(SolutionConfigurationPlatforms) = preSolution
		Debug|Any CPU = Debug|Any CPU
		Release|Any CPU = Release|Any CPU
	EndGlobalSection
	GlobalSection(ProjectConfigurationPlatforms) = postSolution
		{BEAB54EE-2FAE-45E0-876F-4D9BA3E6D670}.Debug|Any CPU.ActiveCfg = Debug|Any CPU
		{BEAB54EE-2FAE-45E0-876F-4D9BA3E6D670}.Debug|Any CPU.Build.0 = Debug|Any CPU
		{BEAB54EE-2FAE-45E0-876F-4D9BA3E6D670}.Release|Any CPU.ActiveCfg = Release|Any CPU
		{BEAB54EE-2FAE-45E0-876F-4D9BA3E6D670}.Release|Any CPU.Build.0 = Release|Any CPU
		{939DDFC7-D6EC-483A-B607-479EB1AFE641}.Debug|Any CPU.ActiveCfg = Debug|Any CPU
		{939DDFC7-D6EC-483A-B607-479EB1AFE641}.Debug|Any CPU.Build.0 = Debug|Any CPU
		{939DDFC7-D6EC-483A-B607-479EB1AFE641}.Release|Any CPU.ActiveCfg = Release|Any CPU
		{939DDFC7-D6EC-483A-B607-479EB1AFE641}.Release|Any CPU.Build.0 = Release|Any CPU
	EndGlobalSection
	GlobalSection(SolutionProperties) = preSolution
		HideSolutionNode = FALSE
	EndGlobalSection
EndGlobal
